github.com/davecgh/go-spew v1.1.0 h1:ZDRjVQ15GmhC3fiQ8ni8+OwkZQO4DARzQgrnXU1Liz8=
github.com/davecgh/go-spew v1.1.0/go.mod h1:J7Y8YcW2NihsgmVo/mv3lAwl/skON4iLHjSsI+c5H38=
github.com/facebookgo/ensure v0.0.0-20200202191622-63f1cf65ac4c h1:8ISkoahWXwZR41ois5lSJBSVw4D0OV19Ht/JSTzvSv0=
github.com/facebookgo/ensure v0.0.0-20200202191622-63f1cf65ac4c/go.mod h1:Yg+htXGokKKdzcwhuNDwVvN+uBxDGXJ7G/VN1d8fa64=
github.com/facebookgo/stack v0.0.0-20160209184415-751773369052 h1:JWuenKqqX8nojtoVVWjGfOF9635RETekkoH6Cc9SX0A=
github.com/facebookgo/stack v0.0.0-20160209184415-751773369052/go.mod h1:UbMTZqLaRiH3MsBH8va0n7s1pQYcu3uTb8G4tygF4Zg=
github.com/facebookgo/subset v0.0.0-20200203212716-c811ad88dec4 h1:7HZCaLC5+BZpmbhCOZJ293Lz68O7PYrF2EzeiFMwCLk=
github.com/facebookgo/subset v0.0.0-20200203212716-c811ad88dec4/go.mod h1:5tD+neXqOorC30/tWg0LCSkrqj/AR6gu8yY8/fpw1q0=
github.com/facebookgo/symwalk v0.0.0-20150726040526-42004b9f3222 h1:ivxAxcE9py2xLAqpcEwN7sN711aLfEWgh3cY0aha7uY=
github.com/facebookgo/symwalk v0.0.0-20150726040526-42004b9f3222/go.mod h1:PgrCjL2+FgkITqxQI+erRTONtAv4JkpOzun5ozKW/Jg=
github.com/facebookgo/testname v0.0.0-20150612200628-5443337c3a12 h1:pKeuUgeuL6jk/FpxSr0ZVL1XEiOmrcWBvB2rKXu0mMI=
github.com/facebookgo/testname v0.0.0-20150612200628-5443337c3a12/go.mod h1:IYed2VYeQcs7JTN6KiVXjaz6Rv/Qz092Wjc6o5bCJ9I=
github.com/kr/pretty v0.1.0 h1:L/CwN0zerZDmRFUapSPitk6f+Q3+0za1rQkzVuMiMFI=
github.com/kr/pretty v0.1.0/go.mod h1:dAy3ld7l9f0ibDNOQOHHMYYIIbhfbHSm3C4ZsoJORNo=
github.com/kr/pty v1.1.1/go.mod h1:pFQYn66WHrOpPYNljwOMqo10TkYh1fy3cYio2l3bCsQ=
github.com/kr/text v0.1.0 h1:45sCR5RtlFHMR4UwH9sdQ5TC8v0qDQCHnXt+kaKSTVE=
github.com/kr/text v0.1.0/go.mod h1:4Jbv+DJW3UT/LiOwJeYQe1efqtUx/iVham/4vfdArNI=
github.com/pkg/diff v0.0.0-20210226163009-20ebb0f2a09e/go.mod h1:pJLUxLENpZxwdsKMEsNbx1VGcRFpLqf3715MtcvvzbA=
github.com/pmezard/go-difflib v1.0.0 h1:4DBwDE0NGyQoBHbLQYPwSUPoCMWR5BEzIk/f1lZbAQM=
github.com/pmezard/go-difflib v1.0.0/go.mod h1:iKH77koFhYxTK1pcRnkKkqfTogsbg7gZNVY4sRDYZ/4=
github.com/rogpeppe/go-internal v1.8.1 h1:geMPLpDpQOgVyCg5z5GoRwLHepNdb71NXb67XFkP+Eg=
github.com/rogpeppe/go-internal v1.8.1/go.mod h1:JeRgkft04UBgHMgCIwADu4Pn6Mtm5d4nPKWu0nJ5d+o=
github.com/rwxrob/bonzai v0.0.35 h1:lusloBXsayqts9a5LkC7TFcjOwHhpNzIbd9zqjCYUsk=
github.com/rwxrob/bonzai v0.0.35/go.mod h1:PyKG44H68o3DZ2Xh6ouViGW9IAbYZVw0OYqLMdCM1RI=
github.com/rwxrob/bonzai v0.6.0 h1:T4GYJiV3X38apXD31RQkwTdA+10xuZ9EBpJSB/qottE=
github.com/rwxrob/bonzai v0.6.0/go.mod h1:f/6r2q+FEdoIiD42Mxyn7wNbejj8gk9kIkXsQfl7wRA=
github.com/rwxrob/cmdbox v0.7.8 h1:NWv3BjCVn/XbxUZjwvo3nC4mkXUawapVoW5dbrR6R4s=
github.com/rwxrob/cmdbox v0.7.8/go.mod h1:4jD2kfSvWIpaAHhxuz29APMa9AZF+bKYhKJUqRaBi00=
github.com/rwxrob/config v0.3.1 h1:YwnPEuEFDZz7gD5ZJwYkYEF/oSjvM9ryXV6oK+aDvJc=
github.com/rwxrob/config v0.3.1/go.mod h1:aqV/tWGH+Tz2ciADZDDYoodAniZ2iQTm8WZNM0wRyCA=
github.com/rwxrob/fn v0.3.0 h1:R4kcZhInEc9Fn3lsWbn3O6ZOoZ/D43Y1l3SS5Nxm1wc=
github.com/rwxrob/fn v0.3.0/go.mod h1:omPqOqEB+dDna09z5pi5YFxq4IZqDvv3wFPUCES5LvY=
github.com/rwxrob/fn v0.3.3 h1:ymRQGWDhrrvoHKXLJ4WZlgI2qrC7gMOotowQMGvwmVQ=
github.com/rwxrob/fn v0.3.3/go.mod h1:omPqOqEB+dDna09z5pi5YFxq4IZqDvv3wFPUCES5LvY=
github.com/rwxrob/fs v0.4.2 h1:KXBs48us7rwkIAT05IMpKJ2AQNHLGBqHaqaCpXjrys0=
github.com/rwxrob/fs v0.4.2/go.mod h1:vO8AeluD7rnrO7zC54745xTEBFgHPUpHL0hbp1NnsVo=
github.com/rwxrob/fs v0.5.0 h1:1AcZUMBzYhippXl0RfYb+KMo67Sj+e5eSUkOKTx2rUU=
github.com/rwxrob/fs v0.5.0/go.mod h1:vO8AeluD7rnrO7zC54745xTEBFgHPUpHL0hbp1NnsVo=
github.com/rwxrob/json v0.4.1 h1:b4ToZe4mrQO8rRL/kRFglzZszyZZnGv6JRHj6jrI3f4=
github.com/rwxrob/json v0.4.1/go.mod h1:DU3TQKCWY4bK7sQ0wu80cRmTs96b6M//OYvT7Eg2mJA=
github.com/rwxrob/json v0.5.1 h1:RmTP3bUHvnDFCptVmDbxPjMznQ99sReno2z7U7jDP9w=
github.com/rwxrob/json v0.5.1/go.mod h1:DU3TQKCWY4bK7sQ0wu80cRmTs96b6M//OYvT7Eg2mJA=
github.com/rwxrob/scan v0.6.1 h1:KMGi/kV7TY4pcVo8H/HVwwyQZ2gBFNQI3g7tT121Voo=
github.com/rwxrob/scan v0.6.1/go.mod h1:eF28AgH3YUvP7E9UrhjePRUyLq3Gh7+fR28P7Z/Ku4E=
github.com/rwxrob/structs v0.5.0 h1:AridE5dArzitrIMjPYiU1C3YV72IbYXNPagFtyazeCg=
github.com/rwxrob/structs v0.5.0/go.mod h1:2gIte2ZI9zUok6q6F3v3l41ZXo7Zg5Kf1GUTP2+pXyQ=
github.com/rwxrob/structs v0.5.1 h1:epff+4ihej+EgsQx0qOAS/cn7ix3qSLor0M/AjWiV3M=
github.com/rwxrob/structs v0.5.1/go.mod h1:e888JzBSTrMMizNYFnk426F77QneVUKgdxM5inMHErY=
github.com/rwxrob/term v0.1.4 h1:E49nmDAd7rwfjhled17RapP6RJP6T3a0NGIdW44WVAU=
github.com/rwxrob/term v0.1.4/go.mod h1:IVE7hG+VQlM4R+kS4pY6uhfMHoG0QECrZF7d7bKcdsk=
github.com/rwxrob/term v0.2.6 h1:C8BqqHaEh8MGYp1cVrPRlDAYPEK3HfvhGjf7l5AvnV8=
github.com/rwxrob/term v0.2.6/go.mod h1:II0qQ7aHUdPniZCAPWOdYwugcZqdmRmEWIJQN7Z8NA0=
github.com/rwxrob/to v0.2.1 h1:ZYBNEa8LJT5VDQUHm2wSwiRf61xSqU87UqbYvitV3eY=
github.com/rwxrob/to v0.2.1/go.mod h1:8qdgCWkh50Avs8sRpV6/P7lAQgVf3KLRSKMZahV/W48=
github.com/rwxrob/to v0.4.6 h1:VXYmc2wI3aGq3HzecgMWYLiFZRVy1PlZIVOGRt0S8V0=
github.com/rwxrob/to v0.4.6/go.mod h1:lojk6scni4ZRYjnKJO/f2DVRTW0BB6l9LZQ/NvZZt4Y=
github.com/rwxrob/y2j v0.3.1 h1:qOCU7J6g0Q/7KlLAabCMLx6/wG1/NelG6QTOVpESAQg=
github.com/rwxrob/y2j v0.3.1/go.mod h1:/3eS+LPnOF1F2VfoqZr3Upkr8q4ByziAi3eB6FIgzoE=
github.com/stretchr/objx v0.1.0/go.mod h1:HFkY916IF+rwdDfMAkV7OtwuqBVzrE8GR6GFx+wExME=
github.com/stretchr/testify v1.7.1 h1:5TQK59W5E3v0r2duFAb7P95B6hEeOyEnHRa8MjYSMTY=
github.com/stretchr/testify v1.7.1/go.mod h1:6Fq8oRcR53rry900zMqJjRRixrwX3KX962/h/Wwjteg=
golang.org/x/crypto v0.0.0-20220321153916-2c7772ba3064 h1:S25/rfnfsMVgORT4/J61MJ7rdyseOZOyvLIrZEZ7s6s=
golang.org/x/crypto v0.0.0-20220321153916-2c7772ba3064/go.mod h1:IxCIyHEi3zRg3s0A5j5BB6A9Jmi73HwBIUl50j+osU4=
golang.org/x/crypto v0.0.0-20220408190544-5352b0902921 h1:iU7T1X1J6yxDr0rda54sWGkHgOp5XJrqm79gcNlC2VM=
golang.org/x/crypto v0.0.0-20220408190544-5352b0902921/go.mod h1:IxCIyHEi3zRg3s0A5j5BB6A9Jmi73HwBIUl50j+osU4=
golang.org/x/mod v0.5.1 h1:OJxoQ/rynoF0dcCdI7cLPktw/hR2cueqYfjm43oqK38=
golang.org/x/mod v0.5.1/go.mod h1:5OXOZSfqPIIbmVBIIKWRFfZjPR0E5r58TLhUjH0a2Ro=
golang.org/x/sys v0.0.0-20220330033206-e17cdc41300f h1:rlezHXNlxYWvBCzNses9Dlc7nGFaNMJeqLolcmQSSZY=
golang.org/x/sys v0.0.0-20220330033206-e17cdc41300f/go.mod h1:oPkhp1MJrh7nUepCBck5+mAzfO9JrbApNNgaTdGDITg=
golang.org/x/sys v0.0.0-20220408201424-a24fb2fb8a0f h1:8w7RhxzTVgUzw/AH/9mUV5q0vMgy40SQRursCcfmkCw=
golang.org/x/sys v0.0.0-20220408201424-a24fb2fb8a0f/go.mod h1:oPkhp1MJrh7nUepCBck5+mAzfO9JrbApNNgaTdGDITg=
golang.org/x/term v0.0.0-20210927222741-03fcf44c2211 h1:JGgROgKl9N8DuW20oFS5gxc+lE67/N3FcwmBPMe7ArY=
golang.org/x/term v0.0.0-20210927222741-03fcf44c2211/go.mod h1:jbD1KX2456YbFQfuXm/mYQcufACuNUgVhRMnK/tPxf8=
gopkg.in/check.v1 v0.0.0-20161208181325-20d25e280405/go.mod h1:Co6ibVJAznAaIkqp8huTwlJQCZ016jof/cbN4VW5Yz0=
gopkg.in/check.v1 v1.0.0-20180628173108-788fd7840127 h1:qIbj1fsPNlZgppZ+VLlY7N33q108Sa+fhmuc+sWQYwY=
gopkg.in/check.v1 v1.0.0-20180628173108-788fd7840127/go.mod h1:Co6ibVJAznAaIkqp8huTwlJQCZ016jof/cbN4VW5Yz0=
gopkg.in/errgo.v2 v2.1.0/go.mod h1:hNsd1EY+bozCKY1Ytp96fpM3vjJbqLJn88ws8XvfDNI=
gopkg.in/yaml.v2 v2.4.0 h1:D8xgwECY7CYvx+Y2n4sBz93Jn9JRvxdiyyo8CTfuKaY=
gopkg.in/yaml.v2 v2.4.0/go.mod h1:RDklbk79AGWmwhnvt/jBztapEOGDOx6ZbXqjP6csGnQ=
gopkg.in/yaml.v3 v3.0.0-20200313102051-9f266ea9e77c/go.mod h1:K4uyk7z7BCEPqu6E+C64Yfv1cQ7kz7rIZviUmN+EgEM=
gopkg.in/yaml.v3 v3.0.0-20210107192922-496545a6307b h1:h8qDotaEPuJATrMmW04NCwg7v22aHH28wwpauUhK9Oo=
gopkg.in/yaml.v3 v3.0.0-20210107192922-496545a6307b/go.mod h1:K4uyk7z7BCEPqu6E+C64Yfv1cQ7kz7rIZviUmN+EgEM=
